
Microsoft Visual Studio Solution File, Format Version 12.00
# Visual Studio 2012
Project("{FAE04EC0-301F-11D3-BF4B-00C04F79EFBC}") = "Bai1", "Bai1\Bai1.csproj", "{9F69A834-0EE8-4A49-B3F2-39355E315FF5}"
EndProject
Project("{FAE04EC0-301F-11D3-BF4B-00C04F79EFBC}") = "Bai2", "Bai2\Bai2.csproj", "{6F6F5BDF-11E4-4E61-A62F-E6E5F8143BD1}"
EndProject
Project("{FAE04EC0-301F-11D3-BF4B-00C04F79EFBC}") = "Bai3", "Bai3\Bai3.csproj", "{303CFA78-64A1-4D76-A115-A2D9411BB560}"
EndProject
Project("{FAE04EC0-301F-11D3-BF4B-00C04F79EFBC}") = "Bai5", "Bai5\Bai5.csproj", "{FCFDFCA3-91EF-4B70-A144-6AA422DE0E04}"
EndProject
Global
	GlobalSection(SolutionConfigurationPlatforms) = preSolution
		Debug|Any CPU = Debug|Any CPU
		Debug|Mixed Platforms = Debug|Mixed Platforms
		Debug|Win32 = Debug|Win32
		Debug|x86 = Debug|x86
		Release|Any CPU = Release|Any CPU
		Release|Mixed Platforms = Release|Mixed Platforms
		Release|Win32 = Release|Win32
		Release|x86 = Release|x86
	EndGlobalSection
	GlobalSection(ProjectConfigurationPlatforms) = postSolution
		{9F69A834-0EE8-4A49-B3F2-39355E315FF5}.Debug|Any CPU.ActiveCfg = Debug|Any CPU
		{9F69A834-0EE8-4A49-B3F2-39355E315FF5}.Debug|Any CPU.Build.0 = Debug|Any CPU
		{9F69A834-0EE8-4A49-B3F2-39355E315FF5}.Debug|Mixed Platforms.ActiveCfg = Debug|Any CPU
		{9F69A834-0EE8-4A49-B3F2-39355E315FF5}.Debug|Mixed Platforms.Build.0 = Debug|Any CPU
		{9F69A834-0EE8-4A49-B3F2-39355E315FF5}.Debug|Win32.ActiveCfg = Debug|Any CPU
		{9F69A834-0EE8-4A49-B3F2-39355E315FF5}.Debug|x86.ActiveCfg = Debug|Any CPU
		{9F69A834-0EE8-4A49-B3F2-39355E315FF5}.Release|Any CPU.ActiveCfg = Release|Any CPU
		{9F69A834-0EE8-4A49-B3F2-39355E315FF5}.Release|Any CPU.Build.0 = Release|Any CPU
		{9F69A834-0EE8-4A49-B3F2-39355E315FF5}.Release|Mixed Platforms.ActiveCfg = Release|Any CPU
		{9F69A834-0EE8-4A49-B3F2-39355E315FF5}.Release|Mixed Platforms.Build.0 = Release|Any CPU
		{9F69A834-0EE8-4A49-B3F2-39355E315FF5}.Release|Win32.ActiveCfg = Release|Any CPU
		{9F69A834-0EE8-4A49-B3F2-39355E315FF5}.Release|x86.ActiveCfg = Release|Any CPU
		{6F6F5BDF-11E4-4E61-A62F-E6E5F8143BD1}.Debug|Any CPU.ActiveCfg = Debug|Any CPU
		{6F6F5BDF-11E4-4E61-A62F-E6E5F8143BD1}.Debug|Any CPU.Build.0 = Debug|Any CPU
		{6F6F5BDF-11E4-4E61-A62F-E6E5F8143BD1}.Debug|Mixed Platforms.ActiveCfg = Debug|Any CPU
		{6F6F5BDF-11E4-4E61-A62F-E6E5F8143BD1}.Debug|Mixed Platforms.Build.0 = Debug|Any CPU
		{6F6F5BDF-11E4-4E61-A62F-E6E5F8143BD1}.Debug|Win32.ActiveCfg = Debug|Any CPU
		{6F6F5BDF-11E4-4E61-A62F-E6E5F8143BD1}.Debug|x86.ActiveCfg = Debug|Any CPU
		{6F6F5BDF-11E4-4E61-A62F-E6E5F8143BD1}.Release|Any CPU.ActiveCfg = Release|Any CPU
		{6F6F5BDF-11E4-4E61-A62F-E6E5F8143BD1}.Release|Any CPU.Build.0 = Release|Any CPU
		{6F6F5BDF-11E4-4E61-A62F-E6E5F8143BD1}.Release|Mixed Platforms.ActiveCfg = Release|Any CPU
		{6F6F5BDF-11E4-4E61-A62F-E6E5F8143BD1}.Release|Mixed Platforms.Build.0 = Release|Any CPU
		{6F6F5BDF-11E4-4E61-A62F-E6E5F8143BD1}.Release|Win32.ActiveCfg = Release|Any CPU
		{6F6F5BDF-11E4-4E61-A62F-E6E5F8143BD1}.Release|x86.ActiveCfg = Release|Any CPU
		{303CFA78-64A1-4D76-A115-A2D9411BB560}.Debug|Any CPU.ActiveCfg = Debug|Any CPU
		{303CFA78-64A1-4D76-A115-A2D9411BB560}.Debug|Any CPU.Build.0 = Debug|Any CPU
		{303CFA78-64A1-4D76-A115-A2D9411BB560}.Debug|Mixed Platforms.ActiveCfg = Debug|Any CPU
		{303CFA78-64A1-4D76-A115-A2D9411BB560}.Debug|Mixed Platforms.Build.0 = Debug|Any CPU
		{303CFA78-64A1-4D76-A115-A2D9411BB560}.Debug|Win32.ActiveCfg = Debug|Any CPU
		{303CFA78-64A1-4D76-A115-A2D9411BB560}.Debug|x86.ActiveCfg = Debug|Any CPU
		{303CFA78-64A1-4D76-A115-A2D9411BB560}.Release|Any CPU.ActiveCfg = Release|Any CPU
		{303CFA78-64A1-4D76-A115-A2D9411BB560}.Release|Any CPU.Build.0 = Release|Any CPU
		{303CFA78-64A1-4D76-A115-A2D9411BB560}.Release|Mixed Platforms.ActiveCfg = Release|Any CPU
		{303CFA78-64A1-4D76-A115-A2D9411BB560}.Release|Mixed Platforms.Build.0 = Release|Any CPU
		{303CFA78-64A1-4D76-A115-A2D9411BB560}.Release|Win32.ActiveCfg = Release|Any CPU
		{303CFA78-64A1-4D76-A115-A2D9411BB560}.Release|x86.ActiveCfg = Release|Any CPU
		{FCFDFCA3-91EF-4B70-A144-6AA422DE0E04}.Debug|Any CPU.ActiveCfg = Debug|Any CPU
		{FCFDFCA3-91EF-4B70-A144-6AA422DE0E04}.Debug|Any CPU.Build.0 = Debug|Any CPU
		{FCFDFCA3-91EF-4B70-A144-6AA422DE0E04}.Debug|Mixed Platforms.ActiveCfg = Debug|Any CPU
		{FCFDFCA3-91EF-4B70-A144-6AA422DE0E04}.Debug|Mixed Platforms.Build.0 = Debug|Any CPU
		{FCFDFCA3-91EF-4B70-A144-6AA422DE0E04}.Debug|Win32.ActiveCfg = Debug|Any CPU
		{FCFDFCA3-91EF-4B70-A144-6AA422DE0E04}.Debug|x86.ActiveCfg = Debug|Any CPU
		{FCFDFCA3-91EF-4B70-A144-6AA422DE0E04}.Release|Any CPU.ActiveCfg = Release|Any CPU
		{FCFDFCA3-91EF-4B70-A144-6AA422DE0E04}.Release|Any CPU.Build.0 = Release|Any CPU
		{FCFDFCA3-91EF-4B70-A144-6AA422DE0E04}.Release|Mixed Platforms.ActiveCfg = Release|Any CPU
		{FCFDFCA3-91EF-4B70-A144-6AA422DE0E04}.Release|Mixed Platforms.Build.0 = Release|Any CPU
		{FCFDFCA3-91EF-4B70-A144-6AA422DE0E04}.Release|Win32.ActiveCfg = Release|Any CPU
		{FCFDFCA3-91EF-4B70-A144-6AA422DE0E04}.Release|x86.ActiveCfg = Release|Any CPU
	EndGlobalSection
	GlobalSection(SolutionProperties) = preSolution
		HideSolutionNode = FALSE
	EndGlobalSection
EndGlobal
